
Microsoft Visual Studio Solution File, Format Version 12.00
# Visual Studio 2012
Project("{FAE04EC0-301F-11D3-BF4B-00C04F79EFBC}") = "PerformanceTracker", "PerformanceTracker\PerformanceTracker.csproj", "{67945920-7FE0-4334-8EEB-CFD65BE2363F}"
EndProject
Project("{FAE04EC0-301F-11D3-BF4B-00C04F79EFBC}") = "PerformanceTracker.Tests", "PerformanceTracker.Tests\PerformanceTracker.Tests.csproj", "{8F7CC30A-6BFD-49A7-AA30-523B1BBA2B53}"
EndProject
Global
	GlobalSection(SolutionConfigurationPlatforms) = preSolution
		Debug|Any CPU = Debug|Any CPU
		Release|Any CPU = Release|Any CPU
	EndGlobalSection
	GlobalSection(ProjectConfigurationPlatforms) = postSolution
		{67945920-7FE0-4334-8EEB-CFD65BE2363F}.Debug|Any CPU.ActiveCfg = Debug|Any CPU
		{67945920-7FE0-4334-8EEB-CFD65BE2363F}.Debug|Any CPU.Build.0 = Debug|Any CPU
		{67945920-7FE0-4334-8EEB-CFD65BE2363F}.Release|Any CPU.ActiveCfg = Release|Any CPU
		{67945920-7FE0-4334-8EEB-CFD65BE2363F}.Release|Any CPU.Build.0 = Release|Any CPU
		{8F7CC30A-6BFD-49A7-AA30-523B1BBA2B53}.Debug|Any CPU.ActiveCfg = Debug|Any CPU
		{8F7CC30A-6BFD-49A7-AA30-523B1BBA2B53}.Debug|Any CPU.Build.0 = Debug|Any CPU
		{8F7CC30A-6BFD-49A7-AA30-523B1BBA2B53}.Release|Any CPU.ActiveCfg = Release|Any CPU
		{8F7CC30A-6BFD-49A7-AA30-523B1BBA2B53}.Release|Any CPU.Build.0 = Release|Any CPU
	EndGlobalSection
EndGlobal
